
Microsoft Visual Studio Solution File, Format Version 12.00
# Visual Studio Version 17
VisualStudioVersion = 17.3.32901.215
MinimumVisualStudioVersion = 10.0.40219.1
Project("{FAE04EC0-301F-11D3-BF4B-00C04F79EFBC}") = "oefening1", "oefening1\oefening1.csproj", "{763A227B-6665-4552-98F6-D12F6F0253CF}"
EndProject
Project("{FAE04EC0-301F-11D3-BF4B-00C04F79EFBC}") = "Oefening2", "Oefening2\Oefening2.csproj", "{071C0E84-1BF2-4E67-899C-8AB174D8A589}"
EndProject
Project("{FAE04EC0-301F-11D3-BF4B-00C04F79EFBC}") = "Oefening3", "Oefening3\Oefening3.csproj", "{DE430158-2557-40F7-93E2-01E9B374736D}"
EndProject
Global
	GlobalSection(SolutionConfigurationPlatforms) = preSolution
		Debug|Any CPU = Debug|Any CPU
		Release|Any CPU = Release|Any CPU
	EndGlobalSection
	GlobalSection(ProjectConfigurationPlatforms) = postSolution
		{763A227B-6665-4552-98F6-D12F6F0253CF}.Debug|Any CPU.ActiveCfg = Debug|Any CPU
		{763A227B-6665-4552-98F6-D12F6F0253CF}.Debug|Any CPU.Build.0 = Debug|Any CPU
		{763A227B-6665-4552-98F6-D12F6F0253CF}.Release|Any CPU.ActiveCfg = Release|Any CPU
		{763A227B-6665-4552-98F6-D12F6F0253CF}.Release|Any CPU.Build.0 = Release|Any CPU
		{071C0E84-1BF2-4E67-899C-8AB174D8A589}.Debug|Any CPU.ActiveCfg = Debug|Any CPU
		{071C0E84-1BF2-4E67-899C-8AB174D8A589}.Debug|Any CPU.Build.0 = Debug|Any CPU
		{071C0E84-1BF2-4E67-899C-8AB174D8A589}.Release|Any CPU.ActiveCfg = Release|Any CPU
		{071C0E84-1BF2-4E67-899C-8AB174D8A589}.Release|Any CPU.Build.0 = Release|Any CPU
		{DE430158-2557-40F7-93E2-01E9B374736D}.Debug|Any CPU.ActiveCfg = Debug|Any CPU
		{DE430158-2557-40F7-93E2-01E9B374736D}.Debug|Any CPU.Build.0 = Debug|Any CPU
		{DE430158-2557-40F7-93E2-01E9B374736D}.Release|Any CPU.ActiveCfg = Release|Any CPU
		{DE430158-2557-40F7-93E2-01E9B374736D}.Release|Any CPU.Build.0 = Release|Any CPU
	EndGlobalSection
	GlobalSection(SolutionProperties) = preSolution
		HideSolutionNode = FALSE
	EndGlobalSection
	GlobalSection(ExtensibilityGlobals) = postSolution
		SolutionGuid = {43C9FC83-C56F-409E-94EB-B1EE0ADB0CCC}
	EndGlobalSection
EndGlobal
